{
  "version": 4,
  "terraform_version": "1.13.5",
  "serial": 9,
  "lineage": "7dd7ee09-be22-d484-129a-3288e090206b",
  "outputs": {},
  "resources": [
    {
      "mode": "managed",
      "type": "azurerm_linux_web_app",
      "name": "webapp",
      "provider": "provider[\"registry.terraform.io/hashicorp/azurerm\"]",
      "instances": [
        {
          "schema_version": 1,
          "attributes": {
            "app_settings": {},
            "auth_settings": [],
            "auth_settings_v2": [],
            "backup": [],
            "client_affinity_enabled": false,
            "client_certificate_enabled": false,
            "client_certificate_exclusion_paths": "",
            "client_certificate_mode": "Required",
            "connection_string": [],
            "custom_domain_verification_id": "C45AB9BD3E709F5C743083571BADF812B9B272CB8D455FBFC89FEE33C75F39EC",
            "default_hostname": "webapp-terraform-python-tejas-123.azurewebsites.net",
            "enabled": true,
            "ftp_publish_basic_authentication_enabled": true,
            "hosting_environment_id": "",
            "https_only": false,
            "id": "/subscriptions/dda2f6fe-5a4a-4dad-83be-4c745be120d2/resourceGroups/rg-terraform-python-webapp/providers/Microsoft.Web/sites/webapp-terraform-python-tejas-123",
            "identity": [],
            "key_vault_reference_identity_id": "SystemAssigned",
            "kind": "app,linux",
            "location": "centralindia",
            "logs": [],
            "name": "webapp-terraform-python-tejas-123",
            "outbound_ip_address_list": [
              "20.235.199.199",
              "20.235.199.201",
              "4.224.8.150",
              "4.224.8.186",
              "4.224.8.228",
              "4.224.9.23",
              "4.187.151.60",
              "20.235.192.150",
              "20.235.192.160",
              "20.235.192.212",
              "20.235.193.64",
              "20.235.193.73",
              "20.192.171.2"
            ],
            "outbound_ip_addresses": "20.235.199.199,20.235.199.201,4.224.8.150,4.224.8.186,4.224.8.228,4.224.9.23,4.187.151.60,20.235.192.150,20.235.192.160,20.235.192.212,20.235.193.64,20.235.193.73,20.192.171.2",
            "possible_outbound_ip_address_list": [
              "20.235.199.199",
              "20.235.199.201",
              "4.224.8.150",
              "4.224.8.186",
              "4.224.8.228",
              "4.224.9.23",
              "4.187.151.60",
              "20.235.192.150",
              "20.235.192.160",
              "20.235.192.212",
              "20.235.193.64",
              "20.235.193.73",
              "20.235.194.115",
              "20.235.194.170",
              "20.235.196.87",
              "20.235.195.120",
              "20.235.198.215",
              "20.235.199.105",
              "20.235.199.122",
              "20.235.199.127",
              "20.235.199.140",
              "20.235.199.173",
              "20.235.199.175",
              "20.235.199.191",
              "4.224.9.27",
              "4.224.9.28",
              "4.224.9.34",
              "4.224.9.47",
              "4.224.9.48",
              "4.224.9.59",
              "20.192.171.2"
            ],
            "possible_outbound_ip_addresses": "20.235.199.199,20.235.199.201,4.224.8.150,4.224.8.186,4.224.8.228,4.224.9.23,4.187.151.60,20.235.192.150,20.235.192.160,20.235.192.212,20.235.193.64,20.235.193.73,20.235.194.115,20.235.194.170,20.235.196.87,20.235.195.120,20.235.198.215,20.235.199.105,20.235.199.122,20.235.199.127,20.235.199.140,20.235.199.173,20.235.199.175,20.235.199.191,4.224.9.27,4.224.9.28,4.224.9.34,4.224.9.47,4.224.9.48,4.224.9.59,20.192.171.2",
            "public_network_access_enabled": true,
            "resource_group_name": "rg-terraform-python-webapp",
            "service_plan_id": "/subscriptions/dda2f6fe-5a4a-4dad-83be-4c745be120d2/resourceGroups/rg-terraform-python-webapp/providers/Microsoft.Web/serverFarms/asp-terraform-python",
            "site_config": [
              {
                "always_on": true,
                "api_definition_url": "",
                "api_management_api_id": "",
                "app_command_line": "",
                "application_stack": [
                  {
                    "docker_image": "",
                    "docker_image_name": "",
                    "docker_image_tag": "",
                    "docker_registry_password": "",
                    "docker_registry_url": "",
                    "docker_registry_username": "",
                    "dotnet_version": "",
                    "go_version": "",
                    "java_server": "",
                    "java_server_version": "",
                    "java_version": "",
                    "node_version": "",
                    "php_version": "",
                    "python_version": "3.10",
                    "ruby_version": ""
                  }
                ],
                "auto_heal_enabled": false,
                "auto_heal_setting": [],
                "container_registry_managed_identity_client_id": "",
                "container_registry_use_managed_identity": false,
                "cors": [],
                "default_documents": [
                  "Default.htm",
                  "Default.html",
                  "Default.asp",
                  "index.htm",
                  "index.html",
                  "iisstart.htm",
                  "default.aspx",
                  "index.php",
                  "hostingstart.html"
                ],
                "detailed_error_logging_enabled": false,
                "ftps_state": "Disabled",
                "health_check_eviction_time_in_min": 0,
                "health_check_path": "",
                "http2_enabled": false,
                "ip_restriction": [],
                "ip_restriction_default_action": "Allow",
                "linux_fx_version": "PYTHON|3.10",
                "load_balancing_mode": "LeastRequests",
                "local_mysql_enabled": false,
                "managed_pipeline_mode": "Integrated",
                "minimum_tls_version": "1.2",
                "remote_debugging_enabled": false,
                "remote_debugging_version": "VS2022",
                "scm_ip_restriction": [],
                "scm_ip_restriction_default_action": "Allow",
                "scm_minimum_tls_version": "1.2",
                "scm_type": "None",
                "scm_use_main_ip_restriction": false,
                "use_32_bit_worker": true,
                "vnet_route_all_enabled": false,
                "websockets_enabled": false,
                "worker_count": 1
              }
            ],
            "site_credential": [
              {
                "name": "$webapp-terraform-python-tejas-123",
                "password": "XLe8lD0nTzdq0Yx9PbNjSmypBmtWkfZcT0iushlEK1quMcuWmnqdxaFpr6tK"
              }
            ],
            "sticky_settings": [],
            "storage_account": [],
            "tags": {},
            "timeouts": null,
            "virtual_network_subnet_id": "",
            "webdeploy_publish_basic_authentication_enabled": true,
            "zip_deploy_file": ""
          },
          "sensitive_attributes": [
            [
              {
                "type": "get_attr",
                "value": "custom_domain_verification_id"
              }
            ],
            [
              {
                "type": "get_attr",
                "value": "site_config"
              },
              {
                "type": "index",
                "value": {
                  "value": 0,
                  "type": "number"
                }
              },
              {
                "type": "get_attr",
                "value": "application_stack"
              },
              {
                "type": "index",
                "value": {
                  "value": 0,
                  "type": "number"
                }
              },
              {
                "type": "get_attr",
                "value": "docker_registry_password"
              }
            ],
            [
              {
                "type": "get_attr",
                "value": "site_credential"
              }
            ]
          ],
          "identity_schema_version": 0,
          "private": "eyJlMmJmYjczMC1lY2FhLTExZTYtOGY4OC0zNDM2M2JjN2M0YzAiOnsiY3JlYXRlIjoxODAwMDAwMDAwMDAwLCJkZWxldGUiOjE4MDAwMDAwMDAwMDAsInJlYWQiOjMwMDAwMDAwMDAwMCwidXBkYXRlIjoxODAwMDAwMDAwMDAwfSwic2NoZW1hX3ZlcnNpb24iOiIxIn0=",
          "dependencies": [
            "azurerm_resource_group.rg",
            "azurerm_service_plan.appplan"
          ]
        }
      ]
    },
    {
      "mode": "managed",
      "type": "azurerm_resource_group",
      "name": "rg",
      "provider": "provider[\"registry.terraform.io/hashicorp/azurerm\"]",
      "instances": [
        {
          "schema_version": 0,
          "attributes": {
            "id": "/subscriptions/dda2f6fe-5a4a-4dad-83be-4c745be120d2/resourceGroups/rg-terraform-python-webapp",
            "location": "centralindia",
            "managed_by": "",
            "name": "rg-terraform-python-webapp",
            "tags": {},
            "timeouts": null
          },
          "sensitive_attributes": [],
          "identity_schema_version": 0,
          "private": "eyJlMmJmYjczMC1lY2FhLTExZTYtOGY4OC0zNDM2M2JjN2M0YzAiOnsiY3JlYXRlIjo1NDAwMDAwMDAwMDAwLCJkZWxldGUiOjU0MDAwMDAwMDAwMDAsInJlYWQiOjMwMDAwMDAwMDAwMCwidXBkYXRlIjo1NDAwMDAwMDAwMDAwfX0="
        }
      ]
    },
    {
      "mode": "managed",
      "type": "azurerm_service_plan",
      "name": "appplan",
      "provider": "provider[\"registry.terraform.io/hashicorp/azurerm\"]",
      "instances": [
        {
          "schema_version": 1,
          "attributes": {
            "app_service_environment_id": "",
            "id": "/subscriptions/dda2f6fe-5a4a-4dad-83be-4c745be120d2/resourceGroups/rg-terraform-python-webapp/providers/Microsoft.Web/serverFarms/asp-terraform-python",
            "kind": "linux",
            "location": "centralindia",
            "maximum_elastic_worker_count": 1,
            "name": "asp-terraform-python",
            "os_type": "Linux",
            "per_site_scaling_enabled": false,
            "reserved": true,
            "resource_group_name": "rg-terraform-python-webapp",
            "sku_name": "B1",
            "tags": {},
            "timeouts": null,
            "worker_count": 1,
            "zone_balancing_enabled": false
          },
          "sensitive_attributes": [],
          "identity_schema_version": 0,
          "private": "eyJlMmJmYjczMC1lY2FhLTExZTYtOGY4OC0zNDM2M2JjN2M0YzAiOnsiY3JlYXRlIjozNjAwMDAwMDAwMDAwLCJkZWxldGUiOjM2MDAwMDAwMDAwMDAsInJlYWQiOjMwMDAwMDAwMDAwMCwidXBkYXRlIjozNjAwMDAwMDAwMDAwfSwic2NoZW1hX3ZlcnNpb24iOiIxIn0=",
          "dependencies": [
            "azurerm_resource_group.rg"
          ]
        }
      ]
    }
  ],
  "check_results": null
}
